
Microsoft Visual Studio Solution File, Format Version 12.00
# Visual Studio Version 17
VisualStudioVersion = 17.6.33829.357
MinimumVisualStudioVersion = 10.0.40219.1
Project("{FAE04EC0-301F-11D3-BF4B-00C04F79EFBC}") = "SmartPro_20[03-08-23]", "SmartPro_20[03-08-23]\SmartPro_20[03-08-23].csproj", "{B7D61920-632B-4D82-B041-723180E64862}"
EndProject
Global
	GlobalSection(SolutionConfigurationPlatforms) = preSolution
		Debug|Any CPU = Debug|Any CPU
		Release|Any CPU = Release|Any CPU
	EndGlobalSection
	GlobalSection(ProjectConfigurationPlatforms) = postSolution
		{B7D61920-632B-4D82-B041-723180E64862}.Debug|Any CPU.ActiveCfg = Debug|Any CPU
		{B7D61920-632B-4D82-B041-723180E64862}.Debug|Any CPU.Build.0 = Debug|Any CPU
		{B7D61920-632B-4D82-B041-723180E64862}.Release|Any CPU.ActiveCfg = Release|Any CPU
		{B7D61920-632B-4D82-B041-723180E64862}.Release|Any CPU.Build.0 = Release|Any CPU
	EndGlobalSection
	GlobalSection(SolutionProperties) = preSolution
		HideSolutionNode = FALSE
	EndGlobalSection
	GlobalSection(ExtensibilityGlobals) = postSolution
		SolutionGuid = {F877C3DF-E75C-4CDC-9CBC-4F8CF9C7A537}
	EndGlobalSection
EndGlobal
